
Microsoft Visual Studio Solution File, Format Version 12.00
# Visual Studio Version 16
VisualStudioVersion = 16.0.30907.101
MinimumVisualStudioVersion = 10.0.40219.1
Project("{9A19103F-16F7-4668-BE54-9A1E7A4F7556}") = "CbykApi", "CbykApi.csproj", "{9C1A3DDC-ADCD-44C6-895B-771FE1223FC4}"
EndProject
Project("{9A19103F-16F7-4668-BE54-9A1E7A4F7556}") = "Cbyk.Test", "..\Cbyk.Test\Cbyk.Test.csproj", "{9603B090-0AD8-4B49-B488-B54CAE267A76}"
EndProject
Global
	GlobalSection(SolutionConfigurationPlatforms) = preSolution
		Debug|Any CPU = Debug|Any CPU
		Release|Any CPU = Release|Any CPU
	EndGlobalSection
	GlobalSection(ProjectConfigurationPlatforms) = postSolution
		{9C1A3DDC-ADCD-44C6-895B-771FE1223FC4}.Debug|Any CPU.ActiveCfg = Debug|Any CPU
		{9C1A3DDC-ADCD-44C6-895B-771FE1223FC4}.Debug|Any CPU.Build.0 = Debug|Any CPU
		{9C1A3DDC-ADCD-44C6-895B-771FE1223FC4}.Release|Any CPU.ActiveCfg = Release|Any CPU
		{9C1A3DDC-ADCD-44C6-895B-771FE1223FC4}.Release|Any CPU.Build.0 = Release|Any CPU
		{9603B090-0AD8-4B49-B488-B54CAE267A76}.Debug|Any CPU.ActiveCfg = Debug|Any CPU
		{9603B090-0AD8-4B49-B488-B54CAE267A76}.Debug|Any CPU.Build.0 = Debug|Any CPU
		{9603B090-0AD8-4B49-B488-B54CAE267A76}.Release|Any CPU.ActiveCfg = Release|Any CPU
		{9603B090-0AD8-4B49-B488-B54CAE267A76}.Release|Any CPU.Build.0 = Release|Any CPU
	EndGlobalSection
	GlobalSection(SolutionProperties) = preSolution
		HideSolutionNode = FALSE
	EndGlobalSection
	GlobalSection(ExtensibilityGlobals) = postSolution
		SolutionGuid = {345FACA9-57F1-449F-A686-4BADBD5A9E93}
	EndGlobalSection
EndGlobal
